// !$*UTF8*$!
{
	archiveVersion = 1;
	classes = {
	};
	objectVersion = 48;
	objects = {

/* Begin PBXBuildFile section */
		8B1B0EA61FD6E33D0004A0AF /* AppDelegate.swift in Sources */ = {isa = PBXBuildFile; fileRef = 8B1B0EA51FD6E33D0004A0AF /* AppDelegate.swift */; };
		8B1B0EA81FD6E33D0004A0AF /* art.scnassets in Resources */ = {isa = PBXBuildFile; fileRef = 8B1B0EA71FD6E33D0004A0AF /* art.scnassets */; };
		8B1B0EAA1FD6E33D0004A0AF /* OneDeviceViewController.swift in Sources */ = {isa = PBXBuildFile; fileRef = 8B1B0EA91FD6E33D0004A0AF /* OneDeviceViewController.swift */; };
		8B1B0EAD1FD6E33D0004A0AF /* Main.storyboard in Resources */ = {isa = PBXBuildFile; fileRef = 8B1B0EAB1FD6E33D0004A0AF /* Main.storyboard */; };
		8B1B0EAF1FD6E33D0004A0AF /* Assets.xcassets in Resources */ = {isa = PBXBuildFile; fileRef = 8B1B0EAE1FD6E33D0004A0AF /* Assets.xcassets */; };
		8B1B0EB21FD6E33D0004A0AF /* LaunchScreen.storyboard in Resources */ = {isa = PBXBuildFile; fileRef = 8B1B0EB01FD6E33D0004A0AF /* LaunchScreen.storyboard */; };
		8B1B0EBB1FD6E60C0004A0AF /* Plane.swift in Sources */ = {isa = PBXBuildFile; fileRef = 8B1B0EBA1FD6E60C0004A0AF /* Plane.swift */; };
		8B5B5A0820077229007F3FD6 /* HomeViewController.swift in Sources */ = {isa = PBXBuildFile; fileRef = 8B5B5A0720077229007F3FD6 /* HomeViewController.swift */; };
		8B5B5A0C20077343007F3FD6 /* TwoDevicesViewController.swift in Sources */ = {isa = PBXBuildFile; fileRef = 8B5B5A0B20077343007F3FD6 /* TwoDevicesViewController.swift */; };
		8B5B5A132008B1E2007F3FD6 /* Log.swift in Sources */ = {isa = PBXBuildFile; fileRef = 8B5B5A122008B1E2007F3FD6 /* Log.swift */; };
		8B5B5A152008B21A007F3FD6 /* GlobalVars.swift in Sources */ = {isa = PBXBuildFile; fileRef = 8B5B5A142008B21A007F3FD6 /* GlobalVars.swift */; };
		8B9EBEAF1FE91989008876A5 /* CollisionTypes.swift in Sources */ = {isa = PBXBuildFile; fileRef = 8B9EBEAE1FE91989008876A5 /* CollisionTypes.swift */; };
		8BFBAE6F1FDAC9FB00C70179 /* GameCell.swift in Sources */ = {isa = PBXBuildFile; fileRef = 8BFBAE6E1FDAC9FB00C70179 /* GameCell.swift */; };
/* End PBXBuildFile section */

/* Begin PBXFileReference section */
		8B1B0EA21FD6E33D0004A0AF /* ARTicTacToe.app */ = {isa = PBXFileReference; explicitFileType = wrapper.application; includeInIndex = 0; path = ARTicTacToe.app; sourceTree = BUILT_PRODUCTS_DIR; };
		8B1B0EA51FD6E33D0004A0AF /* AppDelegate.swift */ = {isa = PBXFileReference; lastKnownFileType = sourcecode.swift; path = AppDelegate.swift; sourceTree = "<group>"; };
		8B1B0EA71FD6E33D0004A0AF /* art.scnassets */ = {isa = PBXFileReference; lastKnownFileType = wrapper.scnassets; path = art.scnassets; sourceTree = "<group>"; };
		8B1B0EA91FD6E33D0004A0AF /* OneDeviceViewController.swift */ = {isa = PBXFileReference; lastKnownFileType = sourcecode.swift; path = OneDeviceViewController.swift; sourceTree = "<group>"; };
		8B1B0EAC1FD6E33D0004A0AF /* Base */ = {isa = PBXFileReference; lastKnownFileType = file.storyboard; name = Base; path = Base.lproj/Main.storyboard; sourceTree = "<group>"; };
		8B1B0EAE1FD6E33D0004A0AF /* Assets.xcassets */ = {isa = PBXFileReference; lastKnownFileType = folder.assetcatalog; path = Assets.xcassets; sourceTree = "<group>"; };
		8B1B0EB11FD6E33D0004A0AF /* Base */ = {isa = PBXFileReference; lastKnownFileType = file.storyboard; name = Base; path = Base.lproj/LaunchScreen.storyboard; sourceTree = "<group>"; };
		8B1B0EB31FD6E33D0004A0AF /* Info.plist */ = {isa = PBXFileReference; lastKnownFileType = text.plist.xml; path = Info.plist; sourceTree = "<group>"; };
		8B1B0EBA1FD6E60C0004A0AF /* Plane.swift */ = {isa = PBXFileReference; lastKnownFileType = sourcecode.swift; path = Plane.swift; sourceTree = "<group>"; };
		8B5B5A0720077229007F3FD6 /* HomeViewController.swift */ = {isa = PBXFileReference; lastKnownFileType = sourcecode.swift; path = HomeViewController.swift; sourceTree = "<group>"; };
		8B5B5A0B20077343007F3FD6 /* TwoDevicesViewController.swift */ = {isa = PBXFileReference; lastKnownFileType = sourcecode.swift; path = TwoDevicesViewController.swift; sourceTree = "<group>"; };
		8B5B5A122008B1E2007F3FD6 /* Log.swift */ = {isa = PBXFileReference; lastKnownFileType = sourcecode.swift; path = Log.swift; sourceTree = "<group>"; };
		8B5B5A142008B21A007F3FD6 /* GlobalVars.swift */ = {isa = PBXFileReference; lastKnownFileType = sourcecode.swift; path = GlobalVars.swift; sourceTree = "<group>"; };
		8B9EBEAE1FE91989008876A5 /* CollisionTypes.swift */ = {isa = PBXFileReference; lastKnownFileType = sourcecode.swift; path = CollisionTypes.swift; sourceTree = "<group>"; };
		8BFBAE6E1FDAC9FB00C70179 /* GameCell.swift */ = {isa = PBXFileReference; lastKnownFileType = sourcecode.swift; path = GameCell.swift; sourceTree = "<group>"; };
/* End PBXFileReference section */

/* Begin PBXFrameworksBuildPhase section */
		8B1B0E9F1FD6E33D0004A0AF /* Frameworks */ = {
			isa = PBXFrameworksBuildPhase;
			buildActionMask = 2147483647;
			files = (
			);
			runOnlyForDeploymentPostprocessing = 0;
		};
/* End PBXFrameworksBuildPhase section */

/* Begin PBXGroup section */
		8B1B0E991FD6E33D0004A0AF = {
			isa = PBXGroup;
			children = (
				8B1B0EA41FD6E33D0004A0AF /* ARTicTacToe */,
				8B1B0EA31FD6E33D0004A0AF /* Products */,
			);
			sourceTree = "<group>";
		};
		8B1B0EA31FD6E33D0004A0AF /* Products */ = {
			isa = PBXGroup;
			children = (
				8B1B0EA21FD6E33D0004A0AF /* ARTicTacToe.app */,
			);
			name = Products;
			sourceTree = "<group>";
		};
		8B1B0EA41FD6E33D0004A0AF /* ARTicTacToe */ = {
			isa = PBXGroup;
			children = (
				8B1B0EA51FD6E33D0004A0AF /* AppDelegate.swift */,
				8B5B5A0920077258007F3FD6 /* ViewControllers */,
				8B5B5A0A2007732F007F3FD6 /* Managers */,
				8BBB57C6200CE107008534A6 /* Objects */,
				8B5B5A112008B1CE007F3FD6 /* Utilities */,
				8B1B0EB91FD6E3C00004A0AF /* Ressources */,
			);
			path = ARTicTacToe;
			sourceTree = "<group>";
		};
		8B1B0EB91FD6E3C00004A0AF /* Ressources */ = {
			isa = PBXGroup;
			children = (
				8B1B0EA71FD6E33D0004A0AF /* art.scnassets */,
				8B1B0EAE1FD6E33D0004A0AF /* Assets.xcassets */,
				8B1B0EAB1FD6E33D0004A0AF /* Main.storyboard */,
				8B1B0EB01FD6E33D0004A0AF /* LaunchScreen.storyboard */,
				8B1B0EB31FD6E33D0004A0AF /* Info.plist */,
			);
			path = Ressources;
			sourceTree = "<group>";
		};
		8B5B5A0920077258007F3FD6 /* ViewControllers */ = {
			isa = PBXGroup;
			children = (
				8B5B5A0720077229007F3FD6 /* HomeViewController.swift */,
				8B1B0EA91FD6E33D0004A0AF /* OneDeviceViewController.swift */,
				8B5B5A0B20077343007F3FD6 /* TwoDevicesViewController.swift */,
			);
			path = ViewControllers;
			sourceTree = "<group>";
		};
		8B5B5A0A2007732F007F3FD6 /* Managers */ = {
			isa = PBXGroup;
			children = (
			);
			path = Managers;
			sourceTree = "<group>";
		};
		8B5B5A112008B1CE007F3FD6 /* Utilities */ = {
			isa = PBXGroup;
			children = (
				8B5B5A122008B1E2007F3FD6 /* Log.swift */,
				8B5B5A142008B21A007F3FD6 /* GlobalVars.swift */,
			);
			path = Utilities;
			sourceTree = "<group>";
		};
		8BBB57C6200CE107008534A6 /* Objects */ = {
			isa = PBXGroup;
			children = (
				8B1B0EBA1FD6E60C0004A0AF /* Plane.swift */,
				8BFBAE6E1FDAC9FB00C70179 /* GameCell.swift */,
				8B9EBEAE1FE91989008876A5 /* CollisionTypes.swift */,
			);
			path = Objects;
			sourceTree = "<group>";
		};
/* End PBXGroup section */

/* Begin PBXNativeTarget section */
		8B1B0EA11FD6E33D0004A0AF /* ARTicTacToe */ = {
			isa = PBXNativeTarget;
			buildConfigurationList = 8B1B0EB61FD6E33D0004A0AF /* Build configuration list for PBXNativeTarget "ARTicTacToe" */;
			buildPhases = (
				8B1B0E9E1FD6E33D0004A0AF /* Sources */,
				8B1B0E9F1FD6E33D0004A0AF /* Frameworks */,
				8B1B0EA01FD6E33D0004A0AF /* Resources */,
			);
			buildRules = (
			);
			dependencies = (
			);
			name = ARTicTacToe;
			productName = ARTicTacToe;
			productReference = 8B1B0EA21FD6E33D0004A0AF /* ARTicTacToe.app */;
			productType = "com.apple.product-type.application";
		};
/* End PBXNativeTarget section */

/* Begin PBXProject section */
		8B1B0E9A1FD6E33D0004A0AF /* Project object */ = {
			isa = PBXProject;
			attributes = {
				LastSwiftUpdateCheck = 0920;
				LastUpgradeCheck = 0920;
				ORGANIZATIONNAME = Eurelis;
				TargetAttributes = {
					8B1B0EA11FD6E33D0004A0AF = {
						CreatedOnToolsVersion = 9.2;
						ProvisioningStyle = Automatic;
					};
				};
			};
			buildConfigurationList = 8B1B0E9D1FD6E33D0004A0AF /* Build configuration list for PBXProject "ARTicTacToe" */;
			compatibilityVersion = "Xcode 8.0";
			developmentRegion = en;
			hasScannedForEncodings = 0;
			knownRegions = (
				en,
				Base,
			);
			mainGroup = 8B1B0E991FD6E33D0004A0AF;
			productRefGroup = 8B1B0EA31FD6E33D0004A0AF /* Products */;
			projectDirPath = "";
			projectRoot = "";
			targets = (
				8B1B0EA11FD6E33D0004A0AF /* ARTicTacToe */,
			);
		};
/* End PBXProject section */

/* Begin PBXResourcesBuildPhase section */
		8B1B0EA01FD6E33D0004A0AF /* Resources */ = {
			isa = PBXResourcesBuildPhase;
			buildActionMask = 2147483647;
			files = (
				8B1B0EA81FD6E33D0004A0AF /* art.scnassets in Resources */,
				8B1B0EB21FD6E33D0004A0AF /* LaunchScreen.storyboard in Resources */,
				8B1B0EAF1FD6E33D0004A0AF /* Assets.xcassets in Resources */,
				8B1B0EAD1FD6E33D0004A0AF /* Main.storyboard in Resources */,
			);
			runOnlyForDeploymentPostprocessing = 0;
		};
/* End PBXResourcesBuildPhase section */

/* Begin PBXSourcesBuildPhase section */
		8B1B0E9E1FD6E33D0004A0AF /* Sources */ = {
			isa = PBXSourcesBuildPhase;
			buildActionMask = 2147483647;
			files = (
				8BFBAE6F1FDAC9FB00C70179 /* GameCell.swift in Sources */,
				8B5B5A152008B21A007F3FD6 /* GlobalVars.swift in Sources */,
				8B5B5A132008B1E2007F3FD6 /* Log.swift in Sources */,
				8B1B0EAA1FD6E33D0004A0AF /* OneDeviceViewController.swift in Sources */,
				8B9EBEAF1FE91989008876A5 /* CollisionTypes.swift in Sources */,
				8B1B0EBB1FD6E60C0004A0AF /* Plane.swift in Sources */,
				8B5B5A0C20077343007F3FD6 /* TwoDevicesViewController.swift in Sources */,
				8B5B5A0820077229007F3FD6 /* HomeViewController.swift in Sources */,
				8B1B0EA61FD6E33D0004A0AF /* AppDelegate.swift in Sources */,
			);
			runOnlyForDeploymentPostprocessing = 0;
		};
/* End PBXSourcesBuildPhase section */

/* Begin PBXVariantGroup section */
		8B1B0EAB1FD6E33D0004A0AF /* Main.storyboard */ = {
			isa = PBXVariantGroup;
			children = (
				8B1B0EAC1FD6E33D0004A0AF /* Base */,
			);
			name = Main.storyboard;
			sourceTree = "<group>";
		};
		8B1B0EB01FD6E33D0004A0AF /* LaunchScreen.storyboard */ = {
			isa = PBXVariantGroup;
			children = (
				8B1B0EB11FD6E33D0004A0AF /* Base */,
			);
			name = LaunchScreen.storyboard;
			sourceTree = "<group>";
		};
/* End PBXVariantGroup section */

/* Begin XCBuildConfiguration section */
		8B1B0EB41FD6E33D0004A0AF /* Debug */ = {
			isa = XCBuildConfiguration;
			buildSettings = {
				ALWAYS_SEARCH_USER_PATHS = NO;
				CLANG_ANALYZER_NONNULL = YES;
				CLANG_ANALYZER_NUMBER_OBJECT_CONVERSION = YES_AGGRESSIVE;
				CLANG_CXX_LANGUAGE_STANDARD = "gnu++14";
				CLANG_CXX_LIBRARY = "libc++";
				CLANG_ENABLE_MODULES = YES;
				CLANG_ENABLE_OBJC_ARC = YES;
				CLANG_WARN_BLOCK_CAPTURE_AUTORELEASING = YES;
				CLANG_WARN_BOOL_CONVERSION = YES;
				CLANG_WARN_COMMA = YES;
				CLANG_WARN_CONSTANT_CONVERSION = YES;
				CLANG_WARN_DIRECT_OBJC_ISA_USAGE = YES_ERROR;
				CLANG_WARN_DOCUMENTATION_COMMENTS = YES;
				CLANG_WARN_EMPTY_BODY = YES;
				CLANG_WARN_ENUM_CONVERSION = YES;
				CLANG_WARN_INFINITE_RECURSION = YES;
				CLANG_WARN_INT_CONVERSION = YES;
				CLANG_WARN_NON_LITERAL_NULL_CONVERSION = YES;
				CLANG_WARN_OBJC_LITERAL_CONVERSION = YES;
				CLANG_WARN_OBJC_ROOT_CLASS = YES_ERROR;
				CLANG_WARN_RANGE_LOOP_ANALYSIS = YES;
				CLANG_WARN_STRICT_PROTOTYPES = YES;
				CLANG_WARN_SUSPICIOUS_MOVE = YES;
				CLANG_WARN_UNGUARDED_AVAILABILITY = YES_AGGRESSIVE;
				CLANG_WARN_UNREACHABLE_CODE = YES;
				CLANG_WARN__DUPLICATE_METHOD_MATCH = YES;
				CODE_SIGN_IDENTITY = "iPhone Developer";
				COPY_PHASE_STRIP = NO;
				DEBUG_INFORMATION_FORMAT = dwarf;
				ENABLE_STRICT_OBJC_MSGSEND = YES;
				ENABLE_TESTABILITY = YES;
				GCC_C_LANGUAGE_STANDARD = gnu11;
				GCC_DYNAMIC_NO_PIC = NO;
				GCC_NO_COMMON_BLOCKS = YES;
				GCC_OPTIMIZATION_LEVEL = 0;
				GCC_PREPROCESSOR_DEFINITIONS = (
					"DEBUG=1",
					"$(inherited)",
				);
				GCC_WARN_64_TO_32_BIT_CONVERSION = YES;
				GCC_WARN_ABOUT_RETURN_TYPE = YES_ERROR;
				GCC_WARN_UNDECLARED_SELECTOR = YES;
				GCC_WARN_UNINITIALIZED_AUTOS = YES_AGGRESSIVE;
				GCC_WARN_UNUSED_FUNCTION = YES;
				GCC_WARN_UNUSED_VARIABLE = YES;
				IPHONEOS_DEPLOYMENT_TARGET = 11.2;
				MTL_ENABLE_DEBUG_INFO = YES;
				ONLY_ACTIVE_ARCH = YES;
				SDKROOT = iphoneos;
				SWIFT_ACTIVE_COMPILATION_CONDITIONS = DEBUG;
				SWIFT_OPTIMIZATION_LEVEL = "-Onone";
			};
			name = Debug;
		};
		8B1B0EB51FD6E33D0004A0AF /* Release */ = {
			isa = XCBuildConfiguration;
			buildSettings = {
				ALWAYS_SEARCH_USER_PATHS = NO;
				CLANG_ANALYZER_NONNULL = YES;
				CLANG_ANALYZER_NUMBER_OBJECT_CONVERSION = YES_AGGRESSIVE;
				CLANG_CXX_LANGUAGE_STANDARD = "gnu++14";
				CLANG_CXX_LIBRARY = "libc++";
				CLANG_ENABLE_MODULES = YES;
				CLANG_ENABLE_OBJC_ARC = YES;
				CLANG_WARN_BLOCK_CAPTURE_AUTORELEASING = YES;
				CLANG_WARN_BOOL_CONVERSION = YES;
				CLANG_WARN_COMMA = YES;
				CLANG_WARN_CONSTANT_CONVERSION = YES;
				CLANG_WARN_DIRECT_OBJC_ISA_USAGE = YES_ERROR;
				CLANG_WARN_DOCUMENTATION_COMMENTS = YES;
				CLANG_WARN_EMPTY_BODY = YES;
				CLANG_WARN_ENUM_CONVERSION = YES;
				CLANG_WARN_INFINITE_RECURSION = YES;
				CLANG_WARN_INT_CONVERSION = YES;
				CLANG_WARN_NON_LITERAL_NULL_CONVERSION = YES;
				CLANG_WARN_OBJC_LITERAL_CONVERSION = YES;
				CLANG_WARN_OBJC_ROOT_CLASS = YES_ERROR;
				CLANG_WARN_RANGE_LOOP_ANALYSIS = YES;
				CLANG_WARN_STRICT_PROTOTYPES = YES;
				CLANG_WARN_SUSPICIOUS_MOVE = YES;
				CLANG_WARN_UNGUARDED_AVAILABILITY = YES_AGGRESSIVE;
				CLANG_WARN_UNREACHABLE_CODE = YES;
				CLANG_WARN__DUPLICATE_METHOD_MATCH = YES;
				CODE_SIGN_IDENTITY = "iPhone Developer";
				COPY_PHASE_STRIP = NO;
				DEBUG_INFORMATION_FORMAT = "dwarf-with-dsym";
				ENABLE_NS_ASSERTIONS = NO;
				ENABLE_STRICT_OBJC_MSGSEND = YES;
				GCC_C_LANGUAGE_STANDARD = gnu11;
				GCC_NO_COMMON_BLOCKS = YES;
				GCC_WARN_64_TO_32_BIT_CONVERSION = YES;
				GCC_WARN_ABOUT_RETURN_TYPE = YES_ERROR;
				GCC_WARN_UNDECLARED_SELECTOR = YES;
				GCC_WARN_UNINITIALIZED_AUTOS = YES_AGGRESSIVE;
				GCC_WARN_UNUSED_FUNCTION = YES;
				GCC_WARN_UNUSED_VARIABLE = YES;
				IPHONEOS_DEPLOYMENT_TARGET = 11.2;
				MTL_ENABLE_DEBUG_INFO = NO;
				SDKROOT = iphoneos;
				SWIFT_OPTIMIZATION_LEVEL = "-Owholemodule";
				VALIDATE_PRODUCT = YES;
			};
			name = Release;
		};
		8B1B0EB71FD6E33D0004A0AF /* Debug */ = {
			isa = XCBuildConfiguration;
			buildSettings = {
				ASSETCATALOG_COMPILER_APPICON_NAME = AppIcon;
				CODE_SIGN_STYLE = Automatic;
				DEVELOPMENT_TEAM = 6VQRUWB4NB;
				INFOPLIST_FILE = "$(SRCROOT)/ARTicTacToe/Ressources/Info.plist";
				LD_RUNPATH_SEARCH_PATHS = "$(inherited) @executable_path/Frameworks";
				PRODUCT_BUNDLE_IDENTIFIER = com.eurelis.mobile.ARTicTacToe;
				PRODUCT_NAME = "$(TARGET_NAME)";
				SWIFT_VERSION = 4.0;
				TARGETED_DEVICE_FAMILY = "1,2";
			};
			name = Debug;
		};
		8B1B0EB81FD6E33D0004A0AF /* Release */ = {
			isa = XCBuildConfiguration;
			buildSettings = {
				ASSETCATALOG_COMPILER_APPICON_NAME = AppIcon;
				CODE_SIGN_STYLE = Automatic;
				DEVELOPMENT_TEAM = 6VQRUWB4NB;
				INFOPLIST_FILE = "$(SRCROOT)/ARTicTacToe/Ressources/Info.plist";
				LD_RUNPATH_SEARCH_PATHS = "$(inherited) @executable_path/Frameworks";
				PRODUCT_BUNDLE_IDENTIFIER = com.eurelis.mobile.ARTicTacToe;
				PRODUCT_NAME = "$(TARGET_NAME)";
				SWIFT_VERSION = 4.0;
				TARGETED_DEVICE_FAMILY = "1,2";
			};
			name = Release;
		};
/* End XCBuildConfiguration section */

/* Begin XCConfigurationList section */
		8B1B0E9D1FD6E33D0004A0AF /* Build configuration list for PBXProject "ARTicTacToe" */ = {
			isa = XCConfigurationList;
			buildConfigurations = (
				8B1B0EB41FD6E33D0004A0AF /* Debug */,
				8B1B0EB51FD6E33D0004A0AF /* Release */,
			);
			defaultConfigurationIsVisible = 0;
			defaultConfigurationName = Release;
		};
		8B1B0EB61FD6E33D0004A0AF /* Build configuration list for PBXNativeTarget "ARTicTacToe" */ = {
			isa = XCConfigurationList;
			buildConfigurations = (
				8B1B0EB71FD6E33D0004A0AF /* Debug */,
				8B1B0EB81FD6E33D0004A0AF /* Release */,
			);
			defaultConfigurationIsVisible = 0;
			defaultConfigurationName = Release;
		};
/* End XCConfigurationList section */
	};
	rootObject = 8B1B0E9A1FD6E33D0004A0AF /* Project object */;
}
